
Microsoft Visual Studio Solution File, Format Version 12.00
# Visual Studio Version 16
VisualStudioVersion = 16.0.30804.86
MinimumVisualStudioVersion = 10.0.40219.1
Project("{9A19103F-16F7-4668-BE54-9A1E7A4F7556}") = "MT.MiniIoc", "MT.MiniIoc\MT.MiniIoc.csproj", "{77CA6F43-B54B-4954-9D01-FE49879AFC22}"
EndProject
Project("{FAE04EC0-301F-11D3-BF4B-00C04F79EFBC}") = "MT.MiniIoc.Test", "MT.MiniIoc.Test\MT.MiniIoc.Test.csproj", "{60B3D9F0-BCFD-4BF2-ACCB-F5A634D32AA3}"
EndProject
Global
	GlobalSection(SolutionConfigurationPlatforms) = preSolution
		Debug|Any CPU = Debug|Any CPU
		Debug|ARM = Debug|ARM
		Debug|ARM64 = Debug|ARM64
		Debug|x64 = Debug|x64
		Debug|x86 = Debug|x86
		Release|Any CPU = Release|Any CPU
		Release|ARM = Release|ARM
		Release|ARM64 = Release|ARM64
		Release|x64 = Release|x64
		Release|x86 = Release|x86
	EndGlobalSection
	GlobalSection(ProjectConfigurationPlatforms) = postSolution
		{77CA6F43-B54B-4954-9D01-FE49879AFC22}.Debug|Any CPU.ActiveCfg = Debug|Any CPU
		{77CA6F43-B54B-4954-9D01-FE49879AFC22}.Debug|Any CPU.Build.0 = Debug|Any CPU
		{77CA6F43-B54B-4954-9D01-FE49879AFC22}.Debug|ARM.ActiveCfg = Debug|Any CPU
		{77CA6F43-B54B-4954-9D01-FE49879AFC22}.Debug|ARM.Build.0 = Debug|Any CPU
		{77CA6F43-B54B-4954-9D01-FE49879AFC22}.Debug|ARM64.ActiveCfg = Debug|Any CPU
		{77CA6F43-B54B-4954-9D01-FE49879AFC22}.Debug|ARM64.Build.0 = Debug|Any CPU
		{77CA6F43-B54B-4954-9D01-FE49879AFC22}.Debug|x64.ActiveCfg = Debug|Any CPU
		{77CA6F43-B54B-4954-9D01-FE49879AFC22}.Debug|x64.Build.0 = Debug|Any CPU
		{77CA6F43-B54B-4954-9D01-FE49879AFC22}.Debug|x86.ActiveCfg = Debug|Any CPU
		{77CA6F43-B54B-4954-9D01-FE49879AFC22}.Debug|x86.Build.0 = Debug|Any CPU
		{77CA6F43-B54B-4954-9D01-FE49879AFC22}.Release|Any CPU.ActiveCfg = Release|Any CPU
		{77CA6F43-B54B-4954-9D01-FE49879AFC22}.Release|Any CPU.Build.0 = Release|Any CPU
		{77CA6F43-B54B-4954-9D01-FE49879AFC22}.Release|ARM.ActiveCfg = Release|Any CPU
		{77CA6F43-B54B-4954-9D01-FE49879AFC22}.Release|ARM.Build.0 = Release|Any CPU
		{77CA6F43-B54B-4954-9D01-FE49879AFC22}.Release|ARM64.ActiveCfg = Release|Any CPU
		{77CA6F43-B54B-4954-9D01-FE49879AFC22}.Release|ARM64.Build.0 = Release|Any CPU
		{77CA6F43-B54B-4954-9D01-FE49879AFC22}.Release|x64.ActiveCfg = Release|Any CPU
		{77CA6F43-B54B-4954-9D01-FE49879AFC22}.Release|x64.Build.0 = Release|Any CPU
		{77CA6F43-B54B-4954-9D01-FE49879AFC22}.Release|x86.ActiveCfg = Release|Any CPU
		{77CA6F43-B54B-4954-9D01-FE49879AFC22}.Release|x86.Build.0 = Release|Any CPU
		{60B3D9F0-BCFD-4BF2-ACCB-F5A634D32AA3}.Debug|Any CPU.ActiveCfg = Debug|Any CPU
		{60B3D9F0-BCFD-4BF2-ACCB-F5A634D32AA3}.Debug|Any CPU.Build.0 = Debug|Any CPU
		{60B3D9F0-BCFD-4BF2-ACCB-F5A634D32AA3}.Debug|ARM.ActiveCfg = Debug|Any CPU
		{60B3D9F0-BCFD-4BF2-ACCB-F5A634D32AA3}.Debug|ARM.Build.0 = Debug|Any CPU
		{60B3D9F0-BCFD-4BF2-ACCB-F5A634D32AA3}.Debug|ARM64.ActiveCfg = Debug|Any CPU
		{60B3D9F0-BCFD-4BF2-ACCB-F5A634D32AA3}.Debug|ARM64.Build.0 = Debug|Any CPU
		{60B3D9F0-BCFD-4BF2-ACCB-F5A634D32AA3}.Debug|x64.ActiveCfg = Debug|Any CPU
		{60B3D9F0-BCFD-4BF2-ACCB-F5A634D32AA3}.Debug|x64.Build.0 = Debug|Any CPU
		{60B3D9F0-BCFD-4BF2-ACCB-F5A634D32AA3}.Debug|x86.ActiveCfg = Debug|Any CPU
		{60B3D9F0-BCFD-4BF2-ACCB-F5A634D32AA3}.Debug|x86.Build.0 = Debug|Any CPU
		{60B3D9F0-BCFD-4BF2-ACCB-F5A634D32AA3}.Release|Any CPU.ActiveCfg = Release|Any CPU
		{60B3D9F0-BCFD-4BF2-ACCB-F5A634D32AA3}.Release|Any CPU.Build.0 = Release|Any CPU
		{60B3D9F0-BCFD-4BF2-ACCB-F5A634D32AA3}.Release|ARM.ActiveCfg = Release|Any CPU
		{60B3D9F0-BCFD-4BF2-ACCB-F5A634D32AA3}.Release|ARM.Build.0 = Release|Any CPU
		{60B3D9F0-BCFD-4BF2-ACCB-F5A634D32AA3}.Release|ARM64.ActiveCfg = Release|Any CPU
		{60B3D9F0-BCFD-4BF2-ACCB-F5A634D32AA3}.Release|ARM64.Build.0 = Release|Any CPU
		{60B3D9F0-BCFD-4BF2-ACCB-F5A634D32AA3}.Release|x64.ActiveCfg = Release|Any CPU
		{60B3D9F0-BCFD-4BF2-ACCB-F5A634D32AA3}.Release|x64.Build.0 = Release|Any CPU
		{60B3D9F0-BCFD-4BF2-ACCB-F5A634D32AA3}.Release|x86.ActiveCfg = Release|Any CPU
		{60B3D9F0-BCFD-4BF2-ACCB-F5A634D32AA3}.Release|x86.Build.0 = Release|Any CPU
	EndGlobalSection
	GlobalSection(SolutionProperties) = preSolution
		HideSolutionNode = FALSE
	EndGlobalSection
	GlobalSection(ExtensibilityGlobals) = postSolution
		SolutionGuid = {E767D4B0-BF47-4DD8-8C71-8633E67A2749}
	EndGlobalSection
EndGlobal
